{
  "name": "mercury",
  "version": "1.3.0",
  "lockfileVersion": 1,
  "requires": true,
  "dependencies": {
    "@tonaljs/abc-notation": {
      "version": "3.5.5",
      "resolved": "https://registry.npmjs.org/@tonaljs/abc-notation/-/abc-notation-3.5.5.tgz",
      "integrity": "sha512-VwYS/u2MJl6hYWF3N7G+QFp0plqjsu0170jcuy+1Gk1lsk6kOrn7Zb845M5YYv9JzjPOjA4Qm0fRXYcMKadayQ==",
      "requires": {
        "@tonaljs/core": "^3.5.4"
      }
    },
    "@tonaljs/array": {
      "version": "3.2.9",
      "resolved": "https://registry.npmjs.org/@tonaljs/array/-/array-3.2.9.tgz",
      "integrity": "sha512-eJTCGsHDy/9IHMN1qHdceaWTLH2okPXRlAlpycqPd0rCP5G7XL8hWO4eu9ck/oNFTw2CNGEbJQtl0iEpnm/oYw==",
      "requires": {
        "@tonaljs/core": "^3.5.4"
      }
    },
    "@tonaljs/chord": {
      "version": "3.9.0",
      "resolved": "https://registry.npmjs.org/@tonaljs/chord/-/chord-3.9.0.tgz",
      "integrity": "sha512-0c1MKOl+qazh/kpx/qt8I+r0HlYzQBtQ1t/rnuP+R6nYX/BeLBY0ZC7ZbB79Eu7LpnnbchKuPOezZsmOgrjU3Q==",
      "requires": {
        "@tonaljs/chord-detect": "^3.7.0",
        "@tonaljs/chord-type": "^3.7.0",
        "@tonaljs/collection": "^3.5.3",
        "@tonaljs/core": "^3.5.4",
        "@tonaljs/pcset": "^3.5.4",
        "@tonaljs/scale-type": "^3.6.0"
      }
    },
    "@tonaljs/chord-detect": {
      "version": "3.7.0",
      "resolved": "https://registry.npmjs.org/@tonaljs/chord-detect/-/chord-detect-3.7.0.tgz",
      "integrity": "sha512-1z8DG8avmtFXS8/vnfzJEgOP+zZvd827g4qjQKa1NyjLmrOp3BWi77iBhs4ktctxIT3xYPIGF8aH+DH5L73Tbw==",
      "requires": {
        "@tonaljs/chord-type": "^3.7.0",
        "@tonaljs/core": "^3.5.4",
        "@tonaljs/pcset": "^3.5.4"
      }
    },
    "@tonaljs/chord-type": {
      "version": "3.7.0",
      "resolved": "https://registry.npmjs.org/@tonaljs/chord-type/-/chord-type-3.7.0.tgz",
      "integrity": "sha512-Rg3xTRFtJOnHV0UILjFhYKn4+7JsOkAMMxQEEXcxSBTqrC6LQ4QSuOjkxpd1Q7tGqTkAdQCyNQJsR/iF4fXYsQ==",
      "requires": {
        "@tonaljs/core": "^3.5.4",
        "@tonaljs/pcset": "^3.5.4"
      }
    },
    "@tonaljs/collection": {
      "version": "3.5.3",
      "resolved": "https://registry.npmjs.org/@tonaljs/collection/-/collection-3.5.3.tgz",
      "integrity": "sha512-RzEsHhbaZCAREWy0XuNRkHO//RgpoTw3FeWA7aeCyuVr2B36neLDnihBmo9T6KZBO/hSLcmPQy/NOEcvhsaVuA=="
    },
    "@tonaljs/core": {
      "version": "3.5.4",
      "resolved": "https://registry.npmjs.org/@tonaljs/core/-/core-3.5.4.tgz",
      "integrity": "sha512-Rhe7TKNmkOb9/Ilu1ByCI7jIEc0hztGbfHMtI7N5sIdAXVaVzz0WaZdEuPKnAYibS8IRsT5Jm3B/oAEy5CdQAQ=="
    },
    "@tonaljs/duration-value": {
      "version": "3.6.3",
      "resolved": "https://registry.npmjs.org/@tonaljs/duration-value/-/duration-value-3.6.3.tgz",
      "integrity": "sha512-y+jFjfb5Knu9QR+w8n3YnWqTaJmeDJr5SYLZZiG/BMvIr7BX40hma/F7IdQ6fi6e0gD+cm0VNCTlTDXVnUmdww=="
    },
    "@tonaljs/interval": {
      "version": "3.5.4",
      "resolved": "https://registry.npmjs.org/@tonaljs/interval/-/interval-3.5.4.tgz",
      "integrity": "sha512-cgbTL3SNpzRMXkFh93y3Qy4IXmZOGF12we1E6u4swzR1H1D3OsQrEugPoYzOhiIax3Q+mZ9vm9mgk/KWzCIhww==",
      "requires": {
        "@tonaljs/core": "^3.5.4"
      }
    },
    "@tonaljs/key": {
      "version": "3.5.5",
      "resolved": "https://registry.npmjs.org/@tonaljs/key/-/key-3.5.5.tgz",
      "integrity": "sha512-3WRrPin/kMlaAsx0/PhJqKAMwO97PZmlN8399S5/B1Peh9BUin1ChteyjfLwsfcjkhfWh35jB+Pp8XG8iQRc6A==",
      "requires": {
        "@tonaljs/core": "^3.5.3",
        "@tonaljs/note": "^3.5.3",
        "@tonaljs/roman-numeral": "^3.5.3"
      }
    },
    "@tonaljs/midi": {
      "version": "3.5.4",
      "resolved": "https://registry.npmjs.org/@tonaljs/midi/-/midi-3.5.4.tgz",
      "integrity": "sha512-Xtunz9cVWTI5hJ9OjGXYWwlbJwcrof/IsmshvYmZXQGOhtVY2PPhY3JSKfAVN+CLFOraEjVJ4/YEGoFutF+yJA==",
      "requires": {
        "@tonaljs/core": "^3.5.4"
      }
    },
    "@tonaljs/mode": {
      "version": "3.5.4",
      "resolved": "https://registry.npmjs.org/@tonaljs/mode/-/mode-3.5.4.tgz",
      "integrity": "sha512-iu3aFh62UPeNNrgGNLm/lvURx2L83E2+u78ESDjO86kYgSbkFKuK7D8MHynFSwFUmQCfw4+aOq9gHByuv5lz5A==",
      "requires": {
        "@tonaljs/core": "^3.5.4",
        "@tonaljs/pcset": "^3.5.4"
      }
    },
    "@tonaljs/note": {
      "version": "3.6.0",
      "resolved": "https://registry.npmjs.org/@tonaljs/note/-/note-3.6.0.tgz",
      "integrity": "sha512-riwAjPdQBa01uhCl0h+3vc0M3VW/NS982pg3k2ntKYiC8YsSRu0tR7yDtUbOWwMjaj8loAk68Snmm44mutiIdQ==",
      "requires": {
        "@tonaljs/core": "^3.5.4",
        "@tonaljs/midi": "^3.5.4"
      }
    },
    "@tonaljs/pcset": {
      "version": "3.5.4",
      "resolved": "https://registry.npmjs.org/@tonaljs/pcset/-/pcset-3.5.4.tgz",
      "integrity": "sha512-RaB1KJoq5ZhXuDEWPlf1NWi1Cwa67yUr43usDhw/abvvIyZAkEJ1jyg4Yiks29ua7zBeQSyrEU+leuKxFBTGcQ==",
      "requires": {
        "@tonaljs/collection": "^3.5.3",
        "@tonaljs/core": "^3.5.4"
      }
    },
    "@tonaljs/progression": {
      "version": "3.7.0",
      "resolved": "https://registry.npmjs.org/@tonaljs/progression/-/progression-3.7.0.tgz",
      "integrity": "sha512-AkqVg5H9Jos8GquBav4WkxxlnSg8PEjKobFUyfEeU3BHfFo1QNOnBmXN8JhSxR1+tY7KDCEK574LYP8xpqThAg==",
      "requires": {
        "@tonaljs/chord": "^3.9.0",
        "@tonaljs/core": "^3.5.4",
        "@tonaljs/roman-numeral": "^3.5.4"
      }
    },
    "@tonaljs/range": {
      "version": "3.6.0",
      "resolved": "https://registry.npmjs.org/@tonaljs/range/-/range-3.6.0.tgz",
      "integrity": "sha512-KXcOGrxmHno7hHbHkg0UPM3NnDf0o7hjED6EAZUkBmtHrfqEWtKVEpwDcFgilGSJ1BfNj1Odp77pLtqjXcOQVQ==",
      "requires": {
        "@tonaljs/collection": "^3.5.3",
        "@tonaljs/midi": "^3.5.4"
      }
    },
    "@tonaljs/roman-numeral": {
      "version": "3.5.4",
      "resolved": "https://registry.npmjs.org/@tonaljs/roman-numeral/-/roman-numeral-3.5.4.tgz",
      "integrity": "sha512-jwN8lTZb0nernJZ45piKsh0E8GeA4Xiq2XR03NpL7oS9KMHyZkHx4Otripiqvfns0aVgvDP4Da6c7FEhPY8zJA==",
      "requires": {
        "@tonaljs/core": "^3.5.4"
      }
    },
    "@tonaljs/scale": {
      "version": "3.7.0",
      "resolved": "https://registry.npmjs.org/@tonaljs/scale/-/scale-3.7.0.tgz",
      "integrity": "sha512-L9Lw9ZBttjbo06br14XfIseJ/QDCLynvfmWoj/E00QKDC6cNJbDhpUxce3Xat/CD7CGuhVU8ql9PsT8bG+/wtg==",
      "requires": {
        "@tonaljs/chord-type": "^3.7.0",
        "@tonaljs/collection": "^3.5.3",
        "@tonaljs/core": "^3.5.4",
        "@tonaljs/note": "^3.6.0",
        "@tonaljs/pcset": "^3.5.4",
        "@tonaljs/scale-type": "^3.6.0"
      }
    },
    "@tonaljs/scale-type": {
      "version": "3.6.0",
      "resolved": "https://registry.npmjs.org/@tonaljs/scale-type/-/scale-type-3.6.0.tgz",
      "integrity": "sha512-AN5C33Q1l3pgkBxLZ9gQIz98aG8dQ6iJx/FNvIqdzAR0BPtkIJk8z2lrKeDkSSKPPkykUuycroloJaRp5FuOpw==",
      "requires": {
        "@tonaljs/core": "^3.5.4",
        "@tonaljs/pcset": "^3.5.4"
      }
    },
    "@tonaljs/time-signature": {
      "version": "3.6.3",
      "resolved": "https://registry.npmjs.org/@tonaljs/time-signature/-/time-signature-3.6.3.tgz",
      "integrity": "sha512-M1WNX6btgY53NDV6/aNZl6wAzRbjam3P2edSf1+ptZ0PZEayf/eCx8A0A2oXHFpOT+p/D2SV2EWGrTGtlu1E+Q=="
    },
    "@tonaljs/tonal": {
      "version": "3.7.5",
      "resolved": "https://registry.npmjs.org/@tonaljs/tonal/-/tonal-3.7.5.tgz",
      "integrity": "sha512-k5TAIj4F+q6I9yTAFY46YkBpUMtuEZLsCAiD0HJl7f5yV7qzZj5/rz/SwQMrgKcBoNNXw+kVw+SVTr9sgb/RBw==",
      "requires": {
        "@tonaljs/abc-notation": "^3.5.4",
        "@tonaljs/array": "^3.2.8",
        "@tonaljs/chord": "^3.6.4",
        "@tonaljs/chord-type": "^3.5.4",
        "@tonaljs/collection": "^3.5.3",
        "@tonaljs/core": "^3.5.3",
        "@tonaljs/duration-value": "^3.6.3",
        "@tonaljs/interval": "^3.5.3",
        "@tonaljs/key": "^3.5.5",
        "@tonaljs/midi": "^3.5.3",
        "@tonaljs/mode": "^3.5.3",
        "@tonaljs/note": "^3.5.3",
        "@tonaljs/pcset": "^3.5.3",
        "@tonaljs/progression": "^3.5.6",
        "@tonaljs/range": "^3.5.3",
        "@tonaljs/roman-numeral": "^3.5.3",
        "@tonaljs/scale": "^3.5.5",
        "@tonaljs/scale-type": "^3.5.4",
        "@tonaljs/time-signature": "^3.6.3"
      }
    },
    "asciichart": {
      "version": "1.5.25",
      "resolved": "https://registry.npmjs.org/asciichart/-/asciichart-1.5.25.tgz",
      "integrity": "sha512-PNxzXIPPOtWq8T7bgzBtk9cI2lgS4SJZthUHEiQ1aoIc3lNzGfUvIvo9LiAnq26TACo9t1/4qP6KTGAUbzX9Xg=="
    },
    "atom-message-panel": {
      "version": "1.3.1",
      "resolved": "https://registry.npmjs.org/atom-message-panel/-/atom-message-panel-1.3.1.tgz",
      "integrity": "sha512-nLi19faNBl/kabrf6itBkHcLrnpUeiGbpda+dHufAODKH+I+odoPRCxx7EZ+mCHEsBMhHNXxLWOLA+Mm9pumbA==",
      "requires": {
        "atom-space-pen-views": "^2.2.0"
      }
    },
    "atom-space-pen-views": {
      "version": "2.2.0",
      "resolved": "https://registry.npmjs.org/atom-space-pen-views/-/atom-space-pen-views-2.2.0.tgz",
      "integrity": "sha512-PxwV0txlLlYLMdWKv4m4ZH3fdUguWxx+Pwr+abgFAmcqaiyAoAV66Be7W+dVymdY7y0qSHLc4KcsFkj9j3A9+A==",
      "requires": {
        "fuzzaldrin": "^2.1.0",
        "space-pen": "^5.1.2"
      }
    },
    "bignumber.js": {
      "version": "9.3.1",
      "resolved": "https://registry.npmjs.org/bignumber.js/-/bignumber.js-9.3.1.tgz",
      "integrity": "sha512-Ko0uX15oIUS7wJ3Rb30Fs6SkVbLmPBAKdlm7q9+ak9bbIeFf0MwuBsQV6z7+X768/cHsfg+WlysDWJcmthjsjQ=="
    },
    "binpack": {
      "version": "0.1.0",
      "resolved": "https://registry.npmjs.org/binpack/-/binpack-0.1.0.tgz",
      "integrity": "sha512-KcSrsGiIKgklTWweVb9XnZPWO1/rGSsK3fwR7VnbDPbLKPlkvSKd/ZrJ1W712r6HzH5u0fa/AZCftATO09x8Aw=="
    },
    "commander": {
      "version": "2.20.3",
      "resolved": "https://registry.npmjs.org/commander/-/commander-2.20.3.tgz",
      "integrity": "sha512-GpVkmM8vF2vQUkj2LvZmD35JxeJOLCwJ9cUkugyk2nuhbv3+mJvpLYYt+0+USMxE+oj+ey/lJEnhZw75x/OMcQ=="
    },
    "d": {
      "version": "0.1.1",
      "resolved": "https://registry.npmjs.org/d/-/d-0.1.1.tgz",
      "integrity": "sha512-0SdM9V9pd/OXJHoWmTfNPTAeD+lw6ZqHg+isPyBFuJsZLSE0Ygg1cYZ/0l6DrKQXMOqGOu1oWupMoOfoRfMZrQ==",
      "requires": {
        "es5-ext": "~0.10.2"
      }
    },
    "discontinuous-range": {
      "version": "1.0.0",
      "resolved": "https://registry.npmjs.org/discontinuous-range/-/discontinuous-range-1.0.0.tgz",
      "integrity": "sha512-c68LpLbO+7kP/b1Hr1qs8/BJ09F5khZGTxqxZuhzxpmwJKOgRFHJWIb9/KmqnqHhLdO55aOxFH/EGBvUQbL/RQ=="
    },
    "emissary": {
      "version": "1.3.3",
      "resolved": "https://registry.npmjs.org/emissary/-/emissary-1.3.3.tgz",
      "integrity": "sha512-pD6FWNBSlEOzSJDCTcSGVLgNnGw5fnCvvGMdQ/TN43efeXZ/QTq8+hZoK3OOEXPRNjMmSJmeOnEJh+bWT5O8rQ==",
      "requires": {
        "es6-weak-map": "^0.1.2",
        "mixto": "1.x",
        "property-accessors": "^1.1",
        "underscore-plus": "1.x"
      }
    },
    "es5-ext": {
      "version": "0.10.64",
      "resolved": "https://registry.npmjs.org/es5-ext/-/es5-ext-0.10.64.tgz",
      "integrity": "sha512-p2snDhiLaXe6dahss1LddxqEm+SkuDvV8dnIQG0MWjyHpcMNfXKPE+/Cc0y+PhxJX3A4xGNeFCj5oc0BUh6deg==",
      "requires": {
        "es6-iterator": "^2.0.3",
        "es6-symbol": "^3.1.3",
        "esniff": "^2.0.1",
        "next-tick": "^1.1.0"
      },
      "dependencies": {
        "d": {
          "version": "1.0.2",
          "resolved": "https://registry.npmjs.org/d/-/d-1.0.2.tgz",
          "integrity": "sha512-MOqHvMWF9/9MX6nza0KgvFH4HpMU0EF5uUDXqX/BtxtU8NfB0QzRtJ8Oe/6SuS4kbhyzVJwjd97EA4PKrzJ8bw==",
          "requires": {
            "es5-ext": "^0.10.64",
            "type": "^2.7.2"
          }
        },
        "es6-iterator": {
          "version": "2.0.3",
          "resolved": "https://registry.npmjs.org/es6-iterator/-/es6-iterator-2.0.3.tgz",
          "integrity": "sha512-zw4SRzoUkd+cl+ZoE15A9o1oQd920Bb0iOJMQkQhl3jNc03YqVjAhG7scf9C5KWRU/R13Orf588uCC6525o02g==",
          "requires": {
            "d": "1",
            "es5-ext": "^0.10.35",
            "es6-symbol": "^3.1.1"
          }
        },
        "es6-symbol": {
          "version": "3.1.4",
          "resolved": "https://registry.npmjs.org/es6-symbol/-/es6-symbol-3.1.4.tgz",
          "integrity": "sha512-U9bFFjX8tFiATgtkJ1zg25+KviIXpgRvRHS8sau3GfhVzThRQrOeksPeT0BWW2MNZs1OEWJ1DPXOQMn0KKRkvg==",
          "requires": {
            "d": "^1.0.2",
            "ext": "^1.7.0"
          }
        }
      }
    },
    "es6-iterator": {
      "version": "0.1.3",
      "resolved": "https://registry.npmjs.org/es6-iterator/-/es6-iterator-0.1.3.tgz",
      "integrity": "sha512-6TOmbFM6OPWkTe+bQ3ZuUkvqcWUjAnYjKUCLdbvRsAUz2Pr+fYIibwNXNkLNtIK9PPFbNMZZddaRNkyJhlGJhA==",
      "requires": {
        "d": "~0.1.1",
        "es5-ext": "~0.10.5",
        "es6-symbol": "~2.0.1"
      }
    },
    "es6-symbol": {
      "version": "2.0.1",
      "resolved": "https://registry.npmjs.org/es6-symbol/-/es6-symbol-2.0.1.tgz",
      "integrity": "sha512-wjobO4zO8726HVU7mI2OA/B6QszqwHJuKab7gKHVx+uRfVVYGcWJkCIFxV2Madqb9/RUSrhJ/r6hPfG7FsWtow==",
      "requires": {
        "d": "~0.1.1",
        "es5-ext": "~0.10.5"
      }
    },
    "es6-weak-map": {
      "version": "0.1.4",
      "resolved": "https://registry.npmjs.org/es6-weak-map/-/es6-weak-map-0.1.4.tgz",
      "integrity": "sha512-P+N5Cd2TXeb7G59euFiM7snORspgbInS29Nbf3KNO2JQp/DyhvMCDWd58nsVAXwYJ6W3Bx7qDdy6QQ3PCJ7jKQ==",
      "requires": {
        "d": "~0.1.1",
        "es5-ext": "~0.10.6",
        "es6-iterator": "~0.1.3",
        "es6-symbol": "~2.0.1"
      }
    },
    "esniff": {
      "version": "2.0.1",
      "resolved": "https://registry.npmjs.org/esniff/-/esniff-2.0.1.tgz",
      "integrity": "sha512-kTUIGKQ/mDPFoJ0oVfcmyJn4iBDRptjNVIzwIFR7tqWXdVI9xfA2RMwY/gbSpJG3lkdWNEjLap/NqVHZiJsdfg==",
      "requires": {
        "d": "^1.0.1",
        "es5-ext": "^0.10.62",
        "event-emitter": "^0.3.5",
        "type": "^2.7.2"
      },
      "dependencies": {
        "d": {
          "version": "1.0.2",
          "resolved": "https://registry.npmjs.org/d/-/d-1.0.2.tgz",
          "integrity": "sha512-MOqHvMWF9/9MX6nza0KgvFH4HpMU0EF5uUDXqX/BtxtU8NfB0QzRtJ8Oe/6SuS4kbhyzVJwjd97EA4PKrzJ8bw==",
          "requires": {
            "es5-ext": "^0.10.64",
            "type": "^2.7.2"
          }
        }
      }
    },
    "event-emitter": {
      "version": "0.3.5",
      "resolved": "https://registry.npmjs.org/event-emitter/-/event-emitter-0.3.5.tgz",
      "integrity": "sha512-D9rRn9y7kLPnJ+hMq7S/nhvoKwwvVJahBi2BPmx3bvbsEdK3W9ii8cBSGjP+72/LnM4n6fo3+dkCX5FeTQruXA==",
      "requires": {
        "d": "1",
        "es5-ext": "~0.10.14"
      },
      "dependencies": {
        "d": {
          "version": "1.0.2",
          "resolved": "https://registry.npmjs.org/d/-/d-1.0.2.tgz",
          "integrity": "sha512-MOqHvMWF9/9MX6nza0KgvFH4HpMU0EF5uUDXqX/BtxtU8NfB0QzRtJ8Oe/6SuS4kbhyzVJwjd97EA4PKrzJ8bw==",
          "requires": {
            "es5-ext": "^0.10.64",
            "type": "^2.7.2"
          }
        }
      }
    },
    "ext": {
      "version": "1.7.0",
      "resolved": "https://registry.npmjs.org/ext/-/ext-1.7.0.tgz",
      "integrity": "sha512-6hxeJYaL110a9b5TEJSj0gojyHQAmA2ch5Os+ySCiA1QGdS697XWY1pzsrSjqA9LDEEgdB/KypIlR59RcLuHYw==",
      "requires": {
        "type": "^2.7.2"
      }
    },
    "fuzzaldrin": {
      "version": "2.1.0",
      "resolved": "https://registry.npmjs.org/fuzzaldrin/-/fuzzaldrin-2.1.0.tgz",
      "integrity": "sha512-zgllBYwfHR5P3CncJiGbGVPpa3iFYW1yuPaIv8DiTVRrcg5/6uETNL5zvIoKflG1aifXVUZTlIroDehw4WygGA=="
    },
    "grim": {
      "version": "1.5.0",
      "resolved": "https://registry.npmjs.org/grim/-/grim-1.5.0.tgz",
      "integrity": "sha512-HlUl6O0gHSbHjdKqiiQS+rHzFxahM223GmenpIE2IwMh5ZncuX0VZzYlZ60yXVH9uyAmlkdAAqt6qwi1JQrp8g==",
      "requires": {
        "emissary": "^1.2.0"
      }
    },
    "jquery": {
      "version": "2.1.4",
      "resolved": "https://registry.npmjs.org/jquery/-/jquery-2.1.4.tgz",
      "integrity": "sha512-wWR+eCq/T/Qt0NcFyM+QVho0ZVzWxFYANijmSMImXiM5mjr1aOaf4SF0eOEPc92bbK2L2vDpxw3lIszus7eO8Q=="
    },
    "mercury-lang": {
      "version": "1.10.0",
      "resolved": "https://registry.npmjs.org/mercury-lang/-/mercury-lang-1.10.0.tgz",
      "integrity": "sha512-ReYJBmnEA3TTNeCHCaVxUHXJXKKLuE2oR0XdoqTbqqVxPqunVzU27NcGWlZsR0jqrH7sftJJC8uhejfBJoOmyw==",
      "requires": {
        "moo": "^0.5.1",
        "nearley": "^2.20.1",
        "total-serialism": "^2.8.0"
      }
    },
    "mixto": {
      "version": "1.0.0",
      "resolved": "https://registry.npmjs.org/mixto/-/mixto-1.0.0.tgz",
      "integrity": "sha512-g2Kg8O3ww9RbWuPnAgTsAhe+aBwVXoo/lhYyDKTYPiLKdJofAr97O8zTFzW5UfiJUoeJbmXLmcjDAF7/Egwi8Q=="
    },
    "moo": {
      "version": "0.5.2",
      "resolved": "https://registry.npmjs.org/moo/-/moo-0.5.2.tgz",
      "integrity": "sha512-iSAJLHYKnX41mKcJKjqvnAN9sf0LMDTXDEvFv+ffuRR9a1MIuXLjMNL6EsnDHSkKLTWNqQQ5uo61P4EbU4NU+Q=="
    },
    "nearley": {
      "version": "2.20.1",
      "resolved": "https://registry.npmjs.org/nearley/-/nearley-2.20.1.tgz",
      "integrity": "sha512-+Mc8UaAebFzgV+KpI5n7DasuuQCHA89dmwm7JXw3TV43ukfNQ9DnBH3Mdb2g/I4Fdxc26pwimBWvjIw0UAILSQ==",
      "requires": {
        "commander": "^2.19.0",
        "moo": "^0.5.0",
        "railroad-diagrams": "^1.0.0",
        "randexp": "0.4.6"
      }
    },
    "next-tick": {
      "version": "1.1.0",
      "resolved": "https://registry.npmjs.org/next-tick/-/next-tick-1.1.0.tgz",
      "integrity": "sha512-CXdUiJembsNjuToQvxayPZF9Vqht7hewsvy2sOWafLvi2awflj9mOC6bHIg50orX8IJvWKY9wYQ/zB2kogPslQ=="
    },
    "osc-min": {
      "version": "1.1.2",
      "resolved": "https://registry.npmjs.org/osc-min/-/osc-min-1.1.2.tgz",
      "integrity": "sha512-8DbiO8ME85R75stgNVCZtHxB9MNBBNcyy+isNBXrsFeinXGjwNAauvKVmGlfRas5VJWC/mhzIx7spR2gFvWxvg==",
      "requires": {
        "binpack": "~0"
      }
    },
    "property-accessors": {
      "version": "1.1.3",
      "resolved": "https://registry.npmjs.org/property-accessors/-/property-accessors-1.1.3.tgz",
      "integrity": "sha512-WQTVW7rn+k6wq8FyYVM15afyoB2loEdeIzd/o7+HEA5hMZcxvRf4Khie0fBM9wLP3EJotKhiH15kY7Dd4gc57g==",
      "requires": {
        "es6-weak-map": "^0.1.2",
        "mixto": "1.x"
      }
    },
    "railroad-diagrams": {
      "version": "1.0.0",
      "resolved": "https://registry.npmjs.org/railroad-diagrams/-/railroad-diagrams-1.0.0.tgz",
      "integrity": "sha512-cz93DjNeLY0idrCNOH6PviZGRN9GJhsdm9hpn1YCS879fj4W+x5IFJhhkRZcwVgMmFF7R82UA/7Oh+R8lLZg6A=="
    },
    "randexp": {
      "version": "0.4.6",
      "resolved": "https://registry.npmjs.org/randexp/-/randexp-0.4.6.tgz",
      "integrity": "sha512-80WNmd9DA0tmZrw9qQa62GPPWfuXJknrmVmLcxvq4uZBdYqb1wYoKTmnlGUchvVWe0XiLupYkBoXVOxz3C8DYQ==",
      "requires": {
        "discontinuous-range": "1.0.0",
        "ret": "~0.1.10"
      }
    },
    "ret": {
      "version": "0.1.15",
      "resolved": "https://registry.npmjs.org/ret/-/ret-0.1.15.tgz",
      "integrity": "sha512-TTlYpa+OL+vMMNG24xSlQGEJ3B/RzEfUlLct7b5G/ytav+wPrplCpVMFuwzXbkecJrb6IYo1iFb0S9v37754mg=="
    },
    "seedrandom": {
      "version": "3.0.5",
      "resolved": "https://registry.npmjs.org/seedrandom/-/seedrandom-3.0.5.tgz",
      "integrity": "sha512-8OwmbklUNzwezjGInmZ+2clQmExQPvomqjL7LFqOYqtmuxRgQYqOD3mHaU+MvZn5FLUeVxVfQjwLZW/n/JFuqg=="
    },
    "space-pen": {
      "version": "5.1.2",
      "resolved": "https://registry.npmjs.org/space-pen/-/space-pen-5.1.2.tgz",
      "integrity": "sha512-+AunZHZblS3AjlZh13JCooLo+kQbkWBnC6TP1J4ZLEACx4F5rNhKXTV3v1bu2XVzuzNe+CxE2Eo5o2zEmplWhA==",
      "requires": {
        "grim": "^1.0.0",
        "jquery": "2.1.4",
        "underscore-plus": "1.x"
      }
    },
    "total-serialism": {
      "version": "2.10.2",
      "resolved": "https://registry.npmjs.org/total-serialism/-/total-serialism-2.10.2.tgz",
      "integrity": "sha512-oj32swligYzGRY48CwekgCiIWzVbHwNXxTDkWMpmlGIJZb4mhC1uUEgNVixygzZNApa+MsP8T+CUYTtB++4CaA==",
      "requires": {
        "@tonaljs/tonal": "^3.7.5",
        "asciichart": "^1.5.25",
        "bignumber.js": "^9.0.2",
        "seedrandom": "^3.0.5"
      }
    },
    "type": {
      "version": "2.7.3",
      "resolved": "https://registry.npmjs.org/type/-/type-2.7.3.tgz",
      "integrity": "sha512-8j+1QmAbPvLZow5Qpi6NCaN8FB60p/6x8/vfNqOk/hC+HuvFZhL4+WfekuhQLiqFZXOgQdrs3B+XxEmCc6b3FQ=="
    },
    "underscore": {
      "version": "1.13.7",
      "resolved": "https://registry.npmjs.org/underscore/-/underscore-1.13.7.tgz",
      "integrity": "sha512-GMXzWtsc57XAtguZgaQViUOzs0KTkk8ojr3/xAxXLITqf/3EMwxC0inyETfDFjH/Krbhuep0HNbbjI9i/q3F3g=="
    },
    "underscore-plus": {
      "version": "1.7.0",
      "resolved": "https://registry.npmjs.org/underscore-plus/-/underscore-plus-1.7.0.tgz",
      "integrity": "sha512-A3BEzkeicFLnr+U/Q3EyWwJAQPbA19mtZZ4h+lLq3ttm9kn8WC4R3YpuJZEXmWdLjYP47Zc8aLZm9kwdv+zzvA==",
      "requires": {
        "underscore": "^1.9.1"
      }
    }
  }
}
